
Microsoft Visual Studio Solution File, Format Version 12.00
# Visual Studio Version 16
VisualStudioVersion = 25.0.1704.0
MinimumVisualStudioVersion = 10.0.40219.1
Project("{FAE04EC0-301F-11D3-BF4B-00C04F79EFBC}") = "Raydreams.Autodesk.CLI", "Raydreams.Autodesk.CLI\Raydreams.Autodesk.CLI.csproj", "{EB601DDF-D786-4997-81B7-8381D7BFDF3B}"
EndProject
Global
	GlobalSection(SolutionConfigurationPlatforms) = preSolution
		Debug|Any CPU = Debug|Any CPU
		Release|Any CPU = Release|Any CPU
	EndGlobalSection
	GlobalSection(ProjectConfigurationPlatforms) = postSolution
		{EB601DDF-D786-4997-81B7-8381D7BFDF3B}.Debug|Any CPU.ActiveCfg = Debug|Any CPU
		{EB601DDF-D786-4997-81B7-8381D7BFDF3B}.Debug|Any CPU.Build.0 = Debug|Any CPU
		{EB601DDF-D786-4997-81B7-8381D7BFDF3B}.Release|Any CPU.ActiveCfg = Release|Any CPU
		{EB601DDF-D786-4997-81B7-8381D7BFDF3B}.Release|Any CPU.Build.0 = Release|Any CPU
	EndGlobalSection
	GlobalSection(SolutionProperties) = preSolution
		HideSolutionNode = FALSE
	EndGlobalSection
	GlobalSection(ExtensibilityGlobals) = postSolution
		SolutionGuid = {FF3A1C9F-2814-4F5E-8644-7EFD923720C4}
	EndGlobalSection
EndGlobal
