
Microsoft Visual Studio Solution File, Format Version 12.00
# Visual Studio Version 17
VisualStudioVersion = 17.2.32526.322
MinimumVisualStudioVersion = 10.0.40219.1
Project("{9A19103F-16F7-4668-BE54-9A1E7A4F7556}") = "Microdesk.CloudManager.Common", "Microdesk.CloudManager.Common\Microdesk.CloudManager.Common.csproj", "{25AEBA9C-C207-49C0-BF91-73F82B0B5078}"
EndProject
Project("{9A19103F-16F7-4668-BE54-9A1E7A4F7556}") = "Microdesk.CloudManager.Exe", "Microdesk.CloudManager.Exe\Microdesk.CloudManager.Exe.csproj", "{69FC00C4-DC51-4931-853E-7C85B9A1C292}"
EndProject
Project("{9A19103F-16F7-4668-BE54-9A1E7A4F7556}") = "Microdesk.CloudManager.Client", "Microdesk.CloudManager.Client\Microdesk.CloudManager.Client.csproj", "{8A60DC50-088F-4931-BB7A-D42B8885AB73}"
EndProject
Global
	GlobalSection(SolutionConfigurationPlatforms) = preSolution
		Debug|Any CPU = Debug|Any CPU
		Release|Any CPU = Release|Any CPU
	EndGlobalSection
	GlobalSection(ProjectConfigurationPlatforms) = postSolution
		{C070A81A-3377-4CDB-B680-9DB931663FA3}.Debug|Any CPU.ActiveCfg = Debug|Any CPU
		{C070A81A-3377-4CDB-B680-9DB931663FA3}.Debug|Any CPU.Build.0 = Debug|Any CPU
		{C070A81A-3377-4CDB-B680-9DB931663FA3}.Release|Any CPU.ActiveCfg = Release|Any CPU
		{C070A81A-3377-4CDB-B680-9DB931663FA3}.Release|Any CPU.Build.0 = Release|Any CPU
		{25AEBA9C-C207-49C0-BF91-73F82B0B5078}.Debug|Any CPU.ActiveCfg = Debug|Any CPU
		{25AEBA9C-C207-49C0-BF91-73F82B0B5078}.Debug|Any CPU.Build.0 = Debug|Any CPU
		{25AEBA9C-C207-49C0-BF91-73F82B0B5078}.Release|Any CPU.ActiveCfg = Release|Any CPU
		{25AEBA9C-C207-49C0-BF91-73F82B0B5078}.Release|Any CPU.Build.0 = Release|Any CPU
		{69FC00C4-DC51-4931-853E-7C85B9A1C292}.Debug|Any CPU.ActiveCfg = Debug|Any CPU
		{69FC00C4-DC51-4931-853E-7C85B9A1C292}.Debug|Any CPU.Build.0 = Debug|Any CPU
		{69FC00C4-DC51-4931-853E-7C85B9A1C292}.Release|Any CPU.ActiveCfg = Release|Any CPU
		{69FC00C4-DC51-4931-853E-7C85B9A1C292}.Release|Any CPU.Build.0 = Release|Any CPU
		{0A8EDD2D-3D19-4DEC-886A-492731D253E0}.Debug|Any CPU.ActiveCfg = Debug
		{0A8EDD2D-3D19-4DEC-886A-492731D253E0}.Release|Any CPU.ActiveCfg = Release
		{0A8EDD2D-3D19-4DEC-886A-492731D253E0}.Release|Any CPU.Build.0 = Release
		{8A60DC50-088F-4931-BB7A-D42B8885AB73}.Debug|Any CPU.ActiveCfg = Debug|Any CPU
		{8A60DC50-088F-4931-BB7A-D42B8885AB73}.Debug|Any CPU.Build.0 = Debug|Any CPU
		{8A60DC50-088F-4931-BB7A-D42B8885AB73}.Release|Any CPU.ActiveCfg = Release|Any CPU
		{8A60DC50-088F-4931-BB7A-D42B8885AB73}.Release|Any CPU.Build.0 = Release|Any CPU
		{1752F64A-EB08-4F81-B329-BA3A6094E836}.Debug|Any CPU.ActiveCfg = Debug|Any CPU
		{1752F64A-EB08-4F81-B329-BA3A6094E836}.Debug|Any CPU.Build.0 = Debug|Any CPU
		{1752F64A-EB08-4F81-B329-BA3A6094E836}.Release|Any CPU.ActiveCfg = Release|Any CPU
		{1752F64A-EB08-4F81-B329-BA3A6094E836}.Release|Any CPU.Build.0 = Release|Any CPU
	EndGlobalSection
	GlobalSection(SolutionProperties) = preSolution
		HideSolutionNode = FALSE
	EndGlobalSection
	GlobalSection(NestedProjects) = preSolution
		{C070A81A-3377-4CDB-B680-9DB931663FA3} = {B7326D72-57FB-4A99-BF67-50B28B3F5E0D}
		{1752F64A-EB08-4F81-B329-BA3A6094E836} = {B7326D72-57FB-4A99-BF67-50B28B3F5E0D}
	EndGlobalSection
	GlobalSection(ExtensibilityGlobals) = postSolution
		SolutionGuid = {12351F62-B405-4E50-A483-64D473B91E05}
	EndGlobalSection
EndGlobal
